<?xml version="1.0" encoding="UTF-8" standalone="yes" ?>
<CodeBlocks_project_file>
	<FileVersion major="1" minor="6" />
	<Project>
		<Option title="IPC Client library for lib3270/pw3270" />
		<Option makefile_is_custom="1" />
		<Option pch_mode="2" />
		<Option compiler="gcc" />
		<Build>
			<Target title="Debug">
				<Option output="../.bin/Debug/ipc3270-client" prefix_auto="1" extension_auto="1" />
				<Option object_output=".obj/Debug/" />
				<Option type="1" />
				<Option compiler="gcc" />
				<Compiler>
					<Add option="-g" />
					<Add option="-DDEBUG=1" />
				</Compiler>
			</Target>
			<Target title="Release">
				<Option output=".bin/Release/C++ Bindings for lib3270" prefix_auto="1" extension_auto="1" />
				<Option object_output=".obj/Release/" />
				<Option type="1" />
				<Option compiler="gcc" />
				<Compiler>
					<Add option="-O2" />
					<Add option="-std=c++11" />
					<Add option="-DNDEBUG=1" />
				</Compiler>
				<Linker>
					<Add option="-s" />
				</Linker>
			</Target>
		</Build>
		<Compiler>
			<Add option="-Wall" />
			<Add option="`pkg-config --clags lib3270`" />
			<Add directory="../include" />
		</Compiler>
		<Linker>
			<Add option="`pkg-config --libs lib3270`" />
		</Linker>
		<Unit filename="../include/config.h.in" />
		<Unit filename="src/core/abstract.cc" />
		<Unit filename="src/core/actions.cc" />
		<Unit filename="src/core/attribute.cc" />
		<Unit filename="src/core/constants.cc" />
		<Unit filename="src/core/events.cc" />
		<Unit filename="src/core/linux/attribute.cc" />
		<Unit filename="src/core/linux/dynamic/init.cc" />
		<Unit filename="src/core/linux/request.cc" />
		<Unit filename="src/core/session.cc" />
		<Unit filename="src/core/windows/attribute.cc" />
		<Unit filename="src/core/windows/dynamic/init.cc" />
		<Unit filename="src/core/windows/pop.cc" />
		<Unit filename="src/core/windows/push.cc" />
		<Unit filename="src/core/windows/request.cc" />
		<Unit filename="src/core/windows/resources.rc" />
		<Unit filename="src/core/windows/resources.rc.in" />
		<Unit filename="src/core/windows/tools.cc" />
		<Unit filename="src/host/actions.cc" />
		<Unit filename="src/host/init.cc" />
		<Unit filename="src/host/pop.cc" />
		<Unit filename="src/host/private.h" />
		<Unit filename="src/host/properties.cc" />
		<Unit filename="src/host/push.cc" />
		<Unit filename="src/host/states.cc" />
		<Unit filename="src/host/stream.cc" />
		<Unit filename="src/host/string.cc" />
		<Unit filename="src/include/ipc-client-internals.h" />
		<Unit filename="src/include/lib3270/ipc.h" />
		<Unit filename="src/include/lib3270/ipc/action.h" />
		<Unit filename="src/include/lib3270/ipc/request.h" />
		<Unit filename="src/session/action.cc" />
		<Unit filename="src/session/get.cc" />
		<Unit filename="src/session/local/actions.cc" />
		<Unit filename="src/session/local/attribute.cc" />
		<Unit filename="src/session/local/events.cc" />
		<Unit filename="src/session/local/get.cc" />
		<Unit filename="src/session/local/init.cc" />
		<Unit filename="src/session/local/private.h" />
		<Unit filename="src/session/local/set.cc" />
		<Unit filename="src/session/local/wait.cc" />
		<Unit filename="src/session/remote/actions.cc" />
		<Unit filename="src/session/remote/attribute.cc" />
		<Unit filename="src/session/remote/get.cc" />
		<Unit filename="src/session/remote/linux/request.cc" />
		<Unit filename="src/session/remote/linux/session.cc" />
		<Unit filename="src/session/remote/private.h" />
		<Unit filename="src/session/remote/properties.cc" />
		<Unit filename="src/session/remote/set.cc" />
		<Unit filename="src/session/remote/tools.cc" />
		<Unit filename="src/session/remote/wait.cc" />
		<Unit filename="src/session/remote/windows/request.cc" />
		<Unit filename="src/session/remote/windows/session.cc" />
		<Unit filename="src/session/set.cc" />
		<Unit filename="src/session/tools.cc" />
		<Unit filename="src/testprogram/testprogram.cc" />
		<Extensions>
			<code_completion />
			<envvars />
			<debugger />
			<lib_finder disable_auto="1" />
		</Extensions>
	</Project>
</CodeBlocks_project_file>
