<?xml version="1.0" encoding="UTF-8" standalone="yes" ?>
<CodeBlocks_project_file>
	<FileVersion major="1" minor="6" />
	<Project>
		<Option title="IPC plugin for pw3270" />
		<Option makefile_is_custom="1" />
		<Option pch_mode="2" />
		<Option compiler="gcc" />
		<Build>
			<Target title="Debug">
				<Option output="../.bin/Debug/ipcserver" prefix_auto="1" extension_auto="1" />
				<Option object_output=".obj/Debug/" />
				<Option type="0" />
				<Option compiler="gcc" />
				<Compiler>
					<Add option="-g" />
					<Add option="-DDEBUG=1" />
				</Compiler>
			</Target>
			<Target title="Release">
				<Option output=".bin/Release/pw3270ipc" prefix_auto="1" extension_auto="1" />
				<Option object_output=".obj/Release/" />
				<Option type="1" />
				<Option compiler="gcc" />
				<Compiler>
					<Add option="-O2" />
					<Add option="-DNDEBUG=1" />
				</Compiler>
				<Linker>
					<Add option="-s" />
				</Linker>
			</Target>
			<Target title="Debug-plugin">
				<Option output=".bin/Debug/ipc3270" prefix_auto="1" extension_auto="1" />
				<Option object_output=".obj/Debug/" />
				<Option type="1" />
				<Option compiler="gcc" />
				<Compiler>
					<Add option="-g" />
					<Add option="-DDEBUG=1" />
				</Compiler>
			</Target>
			<Target title="Debug-service">
				<Option output=".bin/Debug/pw3270d" prefix_auto="1" extension_auto="1" />
				<Option object_output=".obj/Debug/" />
				<Option type="1" />
				<Option compiler="gcc" />
				<Compiler>
					<Add option="-g" />
					<Add option="-DDEBUG=1" />
				</Compiler>
			</Target>
		</Build>
		<Compiler>
			<Add option="-Wall" />
			<Add option="`pkg-config --cflags gtk+-3.0 lib3270 v3270 gio-2.0`" />
		</Compiler>
		<Linker>
			<Add option="`pkg-config --libs gtk+-3.0 lib3270 v3270 gio-2.0 dbus-1 dbus-glib-1`" />
		</Linker>
		<Unit filename="src/core/constants.c">
			<Option compilerVar="CC" />
		</Unit>
		<Unit filename="src/core/getproperties.c">
			<Option compilerVar="CC" />
		</Unit>
		<Unit filename="src/core/linux/gobject.c">
			<Option compilerVar="CC" />
		</Unit>
		<Unit filename="src/core/linux/gobject.h" />
		<Unit filename="src/core/linux/response.c">
			<Option compilerVar="CC" />
		</Unit>
		<Unit filename="src/core/linux/start.c">
			<Option compilerVar="CC" />
		</Unit>
		<Unit filename="src/core/linux/stop.c">
			<Option compilerVar="CC" />
		</Unit>
		<Unit filename="src/core/methods/action.c">
			<Option compilerVar="CC" />
		</Unit>
		<Unit filename="src/core/methods/cursor.c">
			<Option compilerVar="CC" />
		</Unit>
		<Unit filename="src/core/methods/field.c">
			<Option compilerVar="CC" />
		</Unit>
		<Unit filename="src/core/methods/get.c">
			<Option compilerVar="CC" />
		</Unit>
		<Unit filename="src/core/methods/methods.c">
			<Option compilerVar="CC" />
		</Unit>
		<Unit filename="src/core/methods/network.c">
			<Option compilerVar="CC" />
		</Unit>
		<Unit filename="src/core/methods/private.h" />
		<Unit filename="src/core/methods/set.c">
			<Option compilerVar="CC" />
		</Unit>
		<Unit filename="src/core/methods/wait.c">
			<Option compilerVar="CC" />
		</Unit>
		<Unit filename="src/core/setproperties.c">
			<Option compilerVar="CC" />
		</Unit>
		<Unit filename="src/core/tools.c">
			<Option compilerVar="CC" />
		</Unit>
		<Unit filename="src/core/windows/gobject.c">
			<Option compilerVar="CC" />
		</Unit>
		<Unit filename="src/core/windows/gobject.h" />
		<Unit filename="src/core/windows/inout.c">
			<Option compilerVar="CC" />
		</Unit>
		<Unit filename="src/core/windows/pipesource.c">
			<Option compilerVar="CC" />
		</Unit>
		<Unit filename="src/core/windows/resources.rc">
			<Option compilerVar="WINDRES" />
		</Unit>
		<Unit filename="src/core/windows/response.c">
			<Option compilerVar="CC" />
		</Unit>
		<Unit filename="src/core/windows/start.c">
			<Option compilerVar="CC" />
		</Unit>
		<Unit filename="src/core/windows/stop.c">
			<Option compilerVar="CC" />
		</Unit>
		<Unit filename="src/include/config.h.in" />
		<Unit filename="src/include/internals.h" />
		<Unit filename="src/include/ipc-glib.h" />
		<Unit filename="src/plugin/plugin.c">
			<Option compilerVar="CC" />
		</Unit>
		<Unit filename="src/plugin/private.h" />
		<Unit filename="src/service/getproperties.c">
			<Option compilerVar="CC" />
		</Unit>
		<Unit filename="src/service/linux/start.c">
			<Option compilerVar="CC" />
		</Unit>
		<Unit filename="src/service/methods.c">
			<Option compilerVar="CC" />
		</Unit>
		<Unit filename="src/service/private.h" />
		<Unit filename="src/service/service.c">
			<Option compilerVar="CC" />
		</Unit>
		<Unit filename="src/service/session.c">
			<Option compilerVar="CC" />
		</Unit>
		<Unit filename="src/service/setproperties.c">
			<Option compilerVar="CC" />
		</Unit>
		<Unit filename="src/service/windows/resources.rc.in" />
		<Unit filename="src/testprogram/testprogram.c">
			<Option compilerVar="CC" />
		</Unit>
		<Extensions>
			<code_completion />
			<envvars />
			<debugger />
			<lib_finder disable_auto="1" />
		</Extensions>
	</Project>
</CodeBlocks_project_file>
